
Microsoft Visual Studio Solution File, Format Version 12.00
# Visual Studio Version 16
VisualStudioVersion = 16.0.30611.23
MinimumVisualStudioVersion = 10.0.40219.1
Project("{FAE04EC0-301F-11D3-BF4B-00C04F79EFBC}") = "Server", "Server\Server.csproj", "{B470A78A-76CD-48F1-A01B-22F0E0CC414B}"
EndProject
Global
	GlobalSection(SolutionConfigurationPlatforms) = preSolution
		Debug|Any CPU = Debug|Any CPU
		Release|Any CPU = Release|Any CPU
	EndGlobalSection
	GlobalSection(ProjectConfigurationPlatforms) = postSolution
		{B470A78A-76CD-48F1-A01B-22F0E0CC414B}.Debug|Any CPU.ActiveCfg = Debug|Any CPU
		{B470A78A-76CD-48F1-A01B-22F0E0CC414B}.Debug|Any CPU.Build.0 = Debug|Any CPU
		{B470A78A-76CD-48F1-A01B-22F0E0CC414B}.Release|Any CPU.ActiveCfg = Release|Any CPU
		{B470A78A-76CD-48F1-A01B-22F0E0CC414B}.Release|Any CPU.Build.0 = Release|Any CPU
	EndGlobalSection
	GlobalSection(SolutionProperties) = preSolution
		HideSolutionNode = FALSE
	EndGlobalSection
	GlobalSection(ExtensibilityGlobals) = postSolution
		SolutionGuid = {A99DF7EC-B656-4E89-8BB1-8C6949443871}
	EndGlobalSection
EndGlobal
